
Microsoft Visual Studio Solution File, Format Version 12.00
# Visual Studio Version 17
VisualStudioVersion = 17.4.33213.308
MinimumVisualStudioVersion = 10.0.40219.1
Project("{9A19103F-16F7-4668-BE54-9A1E7A4F7556}") = "Send", "Send.csproj", "{EF42DEC6-549B-478D-BA45-2B2EBFA25DF4}"
EndProject
Global
	GlobalSection(SolutionConfigurationPlatforms) = preSolution
		Debug|Any CPU = Debug|Any CPU
		Release|Any CPU = Release|Any CPU
	EndGlobalSection
	GlobalSection(ProjectConfigurationPlatforms) = postSolution
		{EF42DEC6-549B-478D-BA45-2B2EBFA25DF4}.Debug|Any CPU.ActiveCfg = Debug|Any CPU
		{EF42DEC6-549B-478D-BA45-2B2EBFA25DF4}.Debug|Any CPU.Build.0 = Debug|Any CPU
		{EF42DEC6-549B-478D-BA45-2B2EBFA25DF4}.Release|Any CPU.ActiveCfg = Release|Any CPU
		{EF42DEC6-549B-478D-BA45-2B2EBFA25DF4}.Release|Any CPU.Build.0 = Release|Any CPU
	EndGlobalSection
	GlobalSection(SolutionProperties) = preSolution
		HideSolutionNode = FALSE
	EndGlobalSection
	GlobalSection(ExtensibilityGlobals) = postSolution
		SolutionGuid = {F49576DE-7D64-4E5F-801F-2F6479578CFD}
	EndGlobalSection
EndGlobal
